
Microsoft Visual Studio Solution File, Format Version 12.00
# Visual Studio Version 17
VisualStudioVersion = 17.3.32825.248
MinimumVisualStudioVersion = 10.0.40219.1
Project("{9A19103F-16F7-4668-BE54-9A1E7A4F7556}") = "Shelter.Guestbook.Api", "Shelter.Guestbook\Shelter.Guestbook.Api.csproj", "{98037554-26E1-40B7-A90B-62FBBCAB88C1}"
EndProject
Project("{9A19103F-16F7-4668-BE54-9A1E7A4F7556}") = "Shelter.Guestbook.Domain", "Shelter.Guestbook.Domain\Shelter.Guestbook.Domain.csproj", "{930AC4EC-9199-47DA-9B83-63230D93320A}"
EndProject
Project("{9A19103F-16F7-4668-BE54-9A1E7A4F7556}") = "Shelter.Infrastructure", "Shelter.Infrastructure\Shelter.Infrastructure.csproj", "{1CB8A1E9-151F-4607-9AA3-D97AD04AE5AE}"
EndProject
Project("{9A19103F-16F7-4668-BE54-9A1E7A4F7556}") = "Shelter.Guestbook.DataAccess", "Shelter.Guestbook.DataAccess\Shelter.Guestbook.DataAccess.csproj", "{AC32E367-5684-46AA-8F46-F17D5C2D07B2}"
EndProject
Project("{9A19103F-16F7-4668-BE54-9A1E7A4F7556}") = "Shelter.Guestbook.Domain.Test", "Shelter.Guestbook.Domain.Test\Shelter.Guestbook.Domain.Test.csproj", "{C088A501-F72B-4BCE-ABFB-A9BDE5DA6A95}"
EndProject
Global
	GlobalSection(SolutionConfigurationPlatforms) = preSolution
		Debug|Any CPU = Debug|Any CPU
		Release|Any CPU = Release|Any CPU
	EndGlobalSection
	GlobalSection(ProjectConfigurationPlatforms) = postSolution
		{98037554-26E1-40B7-A90B-62FBBCAB88C1}.Debug|Any CPU.ActiveCfg = Debug|Any CPU
		{98037554-26E1-40B7-A90B-62FBBCAB88C1}.Debug|Any CPU.Build.0 = Debug|Any CPU
		{98037554-26E1-40B7-A90B-62FBBCAB88C1}.Release|Any CPU.ActiveCfg = Release|Any CPU
		{98037554-26E1-40B7-A90B-62FBBCAB88C1}.Release|Any CPU.Build.0 = Release|Any CPU
		{930AC4EC-9199-47DA-9B83-63230D93320A}.Debug|Any CPU.ActiveCfg = Debug|Any CPU
		{930AC4EC-9199-47DA-9B83-63230D93320A}.Debug|Any CPU.Build.0 = Debug|Any CPU
		{930AC4EC-9199-47DA-9B83-63230D93320A}.Release|Any CPU.ActiveCfg = Release|Any CPU
		{930AC4EC-9199-47DA-9B83-63230D93320A}.Release|Any CPU.Build.0 = Release|Any CPU
		{1CB8A1E9-151F-4607-9AA3-D97AD04AE5AE}.Debug|Any CPU.ActiveCfg = Debug|Any CPU
		{1CB8A1E9-151F-4607-9AA3-D97AD04AE5AE}.Debug|Any CPU.Build.0 = Debug|Any CPU
		{1CB8A1E9-151F-4607-9AA3-D97AD04AE5AE}.Release|Any CPU.ActiveCfg = Release|Any CPU
		{1CB8A1E9-151F-4607-9AA3-D97AD04AE5AE}.Release|Any CPU.Build.0 = Release|Any CPU
		{AC32E367-5684-46AA-8F46-F17D5C2D07B2}.Debug|Any CPU.ActiveCfg = Debug|Any CPU
		{AC32E367-5684-46AA-8F46-F17D5C2D07B2}.Debug|Any CPU.Build.0 = Debug|Any CPU
		{AC32E367-5684-46AA-8F46-F17D5C2D07B2}.Release|Any CPU.ActiveCfg = Release|Any CPU
		{AC32E367-5684-46AA-8F46-F17D5C2D07B2}.Release|Any CPU.Build.0 = Release|Any CPU
		{C088A501-F72B-4BCE-ABFB-A9BDE5DA6A95}.Debug|Any CPU.ActiveCfg = Debug|Any CPU
		{C088A501-F72B-4BCE-ABFB-A9BDE5DA6A95}.Debug|Any CPU.Build.0 = Debug|Any CPU
		{C088A501-F72B-4BCE-ABFB-A9BDE5DA6A95}.Release|Any CPU.ActiveCfg = Release|Any CPU
		{C088A501-F72B-4BCE-ABFB-A9BDE5DA6A95}.Release|Any CPU.Build.0 = Release|Any CPU
	EndGlobalSection
	GlobalSection(SolutionProperties) = preSolution
		HideSolutionNode = FALSE
	EndGlobalSection
	GlobalSection(ExtensibilityGlobals) = postSolution
		SolutionGuid = {D731F590-9C38-431D-8E85-F0D97CB798B2}
	EndGlobalSection
EndGlobal
